
Microsoft Visual Studio Solution File, Format Version 12.00
# Visual Studio Version 16
VisualStudioVersion = 16.0.29324.140
MinimumVisualStudioVersion = 10.0.40219.1
Project("{FAE04EC0-301F-11D3-BF4B-00C04F79EFBC}") = "calculator", "calculator\calculator.csproj", "{99EC62D1-C98F-482F-9021-124056712B24}"
EndProject
Global
	GlobalSection(SolutionConfigurationPlatforms) = preSolution
		Debug|Any CPU = Debug|Any CPU
		Release|Any CPU = Release|Any CPU
	EndGlobalSection
	GlobalSection(ProjectConfigurationPlatforms) = postSolution
		{99EC62D1-C98F-482F-9021-124056712B24}.Debug|Any CPU.ActiveCfg = Debug|Any CPU
		{99EC62D1-C98F-482F-9021-124056712B24}.Debug|Any CPU.Build.0 = Debug|Any CPU
		{99EC62D1-C98F-482F-9021-124056712B24}.Release|Any CPU.ActiveCfg = Release|Any CPU
		{99EC62D1-C98F-482F-9021-124056712B24}.Release|Any CPU.Build.0 = Release|Any CPU
	EndGlobalSection
	GlobalSection(SolutionProperties) = preSolution
		HideSolutionNode = FALSE
	EndGlobalSection
	GlobalSection(ExtensibilityGlobals) = postSolution
		SolutionGuid = {D8A7DB3B-DF47-47F1-BA00-1140FB36B571}
	EndGlobalSection
EndGlobal
